# This file is automatically @generated by Poetry 2.0.0 and should not be changed by hand.

[[package]]
name = "dataengieneeringparsers"
version = "0.1.0"
description = ""
optional = false
python-versions = ">=3.12"
groups = ["main"]
files = []
develop = false

[package.source]
type = "git"
url = "https://github.com/turekradek/dataEngieneeringParsers.git"
reference = "HEAD"
resolved_reference = "dcd16a066594c35b084edd592b9f1b53aee334f5"

[metadata]
lock-version = "2.1"
python-versions = ">=3.12"
content-hash = "0fe821222031f0e7b4cddf42cd6feeee5086f39ecc333ca6bd0ca535689b712d"
